github.com/wrentreeco/fendy v0.0.0-20230224175051-3e71b0fff2f4 h1:ZYWE5elSZzPH8pmM7A4CwG+PUnEx4SNmcEh5r1x70o0=
github.com/wrentreeco/fendy v0.0.0-20230224175051-3e71b0fff2f4/go.mod h1:zY1dtcfNz0mAhzKLwh6SQgfy6lLGcULUxbDMjNjrvPg=
github.com/wrentreeco/fendy v0.0.0-20230331161107-e617380f08bd h1:0JVT4JGwHmocwyzjEQ0rFaSQFgD0TX3HwVVtcDiIHXQ=
github.com/wrentreeco/fendy v0.0.0-20230331161107-e617380f08bd/go.mod h1:zY1dtcfNz0mAhzKLwh6SQgfy6lLGcULUxbDMjNjrvPg=
github.com/wrentreeco/fendy v0.0.0-20230331165517-de58f27028e8 h1:wB0nx6ar/HW3qnxq1oA3Rls7c57PcZdsmudg0fPEOoQ=
github.com/wrentreeco/fendy v0.0.0-20230331165517-de58f27028e8/go.mod h1:zY1dtcfNz0mAhzKLwh6SQgfy6lLGcULUxbDMjNjrvPg=
github.com/wrentreeco/fendy v0.0.0-20230331170907-e34336c5c0b0 h1:vucTJDuQRfiwd7nQdwq6mo0PQjmM7UB4/LZkPb5hI/c=
github.com/wrentreeco/fendy v0.0.0-20230331170907-e34336c5c0b0/go.mod h1:zY1dtcfNz0mAhzKLwh6SQgfy6lLGcULUxbDMjNjrvPg=
github.com/wrentreeco/fendy v0.0.0-20230331171630-b5c68a64f8aa h1:NLdZX89y9CZwnUbEEuttIO7beP5ON65rNWQ6mh9KYZE=
github.com/wrentreeco/fendy v0.0.0-20230331171630-b5c68a64f8aa/go.mod h1:zY1dtcfNz0mAhzKLwh6SQgfy6lLGcULUxbDMjNjrvPg=
