github.com/wrentreeco/fendy v0.0.0-20230221225358-6dae25c14bf0 h1:j2tA2ATIt4+HRiEyMdtweXQ6U+fB40aRrSS7mnGO/5g=
github.com/wrentreeco/fendy v0.0.0-20230221225358-6dae25c14bf0/go.mod h1:zY1dtcfNz0mAhzKLwh6SQgfy6lLGcULUxbDMjNjrvPg=
github.com/wrentreeco/fendy v0.0.0-20230223205745-4d68b8bd5ea0 h1:b23Zjvd+KMl9khdoXsTIeR+/OID1GOsdcFAvcgJVfX8=
github.com/wrentreeco/fendy v0.0.0-20230223205745-4d68b8bd5ea0/go.mod h1:zY1dtcfNz0mAhzKLwh6SQgfy6lLGcULUxbDMjNjrvPg=
github.com/wrentreeco/fendy v0.0.0-20230223210132-ea36dc35f356 h1:2P7YM7s/guP5eN39m9WdOGDkxP7KYh3Lc9Z35jXXj3Q=
github.com/wrentreeco/fendy v0.0.0-20230223210132-ea36dc35f356/go.mod h1:zY1dtcfNz0mAhzKLwh6SQgfy6lLGcULUxbDMjNjrvPg=
github.com/wrentreeco/fendy v0.0.0-20230223211046-3c416b78d555 h1:C09ztOnSopBRIHAaoc3vIiEzxqIi4/9sU7qCIud3kp4=
github.com/wrentreeco/fendy v0.0.0-20230223211046-3c416b78d555/go.mod h1:zY1dtcfNz0mAhzKLwh6SQgfy6lLGcULUxbDMjNjrvPg=
github.com/wrentreeco/fendy v0.0.0-20230223211118-33e982e5d651 h1:OuHRxYQVC3ulk66or93f0h6nlJ6XjHNED26Wb6xsUg0=
github.com/wrentreeco/fendy v0.0.0-20230223211118-33e982e5d651/go.mod h1:zY1dtcfNz0mAhzKLwh6SQgfy6lLGcULUxbDMjNjrvPg=
github.com/wrentreeco/fendy v0.0.0-20230223211447-46b616cfe50d h1:T9Hp3b4Jk7MsB/T8PVyr0ZV62o0YyCF7rXGpgtF8+iE=
github.com/wrentreeco/fendy v0.0.0-20230223211447-46b616cfe50d/go.mod h1:zY1dtcfNz0mAhzKLwh6SQgfy6lLGcULUxbDMjNjrvPg=
github.com/wrentreeco/fendy v0.0.0-20230223211812-b3aead414127 h1:93a3dPQ27l1YH7aNukeIRvfz2UunqOcwvVqV8PlPA1k=
github.com/wrentreeco/fendy v0.0.0-20230223211812-b3aead414127/go.mod h1:zY1dtcfNz0mAhzKLwh6SQgfy6lLGcULUxbDMjNjrvPg=
github.com/wrentreeco/fendy v0.0.0-20230223212410-2aad6c3445fe h1:1f1FT+uR+Lyoi00wdtM5GQirm3uS9D0FYliEb7loUQk=
github.com/wrentreeco/fendy v0.0.0-20230223212410-2aad6c3445fe/go.mod h1:zY1dtcfNz0mAhzKLwh6SQgfy6lLGcULUxbDMjNjrvPg=
github.com/wrentreeco/fendy v0.0.0-20230223212707-e6e643755e24 h1:9cDIL8b9A42Z3+zlstl2Poby8WuytFAiKBGFSolP+L4=
github.com/wrentreeco/fendy v0.0.0-20230223212707-e6e643755e24/go.mod h1:zY1dtcfNz0mAhzKLwh6SQgfy6lLGcULUxbDMjNjrvPg=
github.com/wrentreeco/fendy v0.0.0-20230223213946-2207a77957a0 h1:zP2SmvoWOgWxP56pZIqO7vhoo8AZIs009l6T5ydVWh0=
github.com/wrentreeco/fendy v0.0.0-20230223213946-2207a77957a0/go.mod h1:zY1dtcfNz0mAhzKLwh6SQgfy6lLGcULUxbDMjNjrvPg=
github.com/wrentreeco/fendy v0.0.0-20230223215055-d1039f7e116e h1:JKPNb4wdWQopQXK47zCphJeToUU6aplCsFHkGmuTDew=
github.com/wrentreeco/fendy v0.0.0-20230223215055-d1039f7e116e/go.mod h1:zY1dtcfNz0mAhzKLwh6SQgfy6lLGcULUxbDMjNjrvPg=
github.com/wrentreeco/fendy v0.0.0-20230223215709-9ebfb650d893 h1:oPd/e4zhKAjpuiOS3uZ/tR11CprN93uMtJksCzTFeZg=
github.com/wrentreeco/fendy v0.0.0-20230223215709-9ebfb650d893/go.mod h1:zY1dtcfNz0mAhzKLwh6SQgfy6lLGcULUxbDMjNjrvPg=
